
Microsoft Visual Studio Solution File, Format Version 12.00
# Visual Studio Version 17
VisualStudioVersion = 17.5.33516.290
MinimumVisualStudioVersion = 10.0.40219.1
Project("{9A19103F-16F7-4668-BE54-9A1E7A4F7556}") = "FoodPanda", "FoodPanda\FoodPanda.csproj", "{86C40249-9D69-425C-819C-2F29A6CD173C}"
EndProject
Project("{9A19103F-16F7-4668-BE54-9A1E7A4F7556}") = "FoodPanda.DataAccess", "FoodPanda.DataAccess\FoodPanda.DataAccess.csproj", "{38F0E0EA-D245-43D1-83C4-C29876E46F57}"
EndProject
Project("{9A19103F-16F7-4668-BE54-9A1E7A4F7556}") = "FoodPanda.Models", "FoodPanda.Models\FoodPanda.Models.csproj", "{BC5D80CE-0961-4B54-A9D6-ACF0DA914D20}"
EndProject
Project("{9A19103F-16F7-4668-BE54-9A1E7A4F7556}") = "FoodPanda.Utility", "FoodPanda.Utility\FoodPanda.Utility.csproj", "{A7085CF9-200F-48C4-95CC-15B7A3A4617A}"
EndProject
Global
	GlobalSection(SolutionConfigurationPlatforms) = preSolution
		Debug|Any CPU = Debug|Any CPU
		Release|Any CPU = Release|Any CPU
	EndGlobalSection
	GlobalSection(ProjectConfigurationPlatforms) = postSolution
		{86C40249-9D69-425C-819C-2F29A6CD173C}.Debug|Any CPU.ActiveCfg = Debug|Any CPU
		{86C40249-9D69-425C-819C-2F29A6CD173C}.Debug|Any CPU.Build.0 = Debug|Any CPU
		{86C40249-9D69-425C-819C-2F29A6CD173C}.Release|Any CPU.ActiveCfg = Release|Any CPU
		{86C40249-9D69-425C-819C-2F29A6CD173C}.Release|Any CPU.Build.0 = Release|Any CPU
		{38F0E0EA-D245-43D1-83C4-C29876E46F57}.Debug|Any CPU.ActiveCfg = Debug|Any CPU
		{38F0E0EA-D245-43D1-83C4-C29876E46F57}.Debug|Any CPU.Build.0 = Debug|Any CPU
		{38F0E0EA-D245-43D1-83C4-C29876E46F57}.Release|Any CPU.ActiveCfg = Release|Any CPU
		{38F0E0EA-D245-43D1-83C4-C29876E46F57}.Release|Any CPU.Build.0 = Release|Any CPU
		{BC5D80CE-0961-4B54-A9D6-ACF0DA914D20}.Debug|Any CPU.ActiveCfg = Debug|Any CPU
		{BC5D80CE-0961-4B54-A9D6-ACF0DA914D20}.Debug|Any CPU.Build.0 = Debug|Any CPU
		{BC5D80CE-0961-4B54-A9D6-ACF0DA914D20}.Release|Any CPU.ActiveCfg = Release|Any CPU
		{BC5D80CE-0961-4B54-A9D6-ACF0DA914D20}.Release|Any CPU.Build.0 = Release|Any CPU
		{A7085CF9-200F-48C4-95CC-15B7A3A4617A}.Debug|Any CPU.ActiveCfg = Debug|Any CPU
		{A7085CF9-200F-48C4-95CC-15B7A3A4617A}.Debug|Any CPU.Build.0 = Debug|Any CPU
		{A7085CF9-200F-48C4-95CC-15B7A3A4617A}.Release|Any CPU.ActiveCfg = Release|Any CPU
		{A7085CF9-200F-48C4-95CC-15B7A3A4617A}.Release|Any CPU.Build.0 = Release|Any CPU
	EndGlobalSection
	GlobalSection(SolutionProperties) = preSolution
		HideSolutionNode = FALSE
	EndGlobalSection
	GlobalSection(ExtensibilityGlobals) = postSolution
		SolutionGuid = {A34861E8-22B9-4539-8FFF-8190580924DD}
	EndGlobalSection
EndGlobal
